// !$*UTF8*$!
{
	archiveVersion = 1;
	classes = {
	};
	objectVersion = 56;
	objects = {

/* Begin PBXBuildFile section */
		6432F88E2A7145BC00B638D9 /* ViewController2.swift in Sources */ = {isa = PBXBuildFile; fileRef = 6432F88D2A7145BC00B638D9 /* ViewController2.swift */; };
		64A791682A727A890032CA08 /* ViewController3.swift in Sources */ = {isa = PBXBuildFile; fileRef = 64A791672A727A890032CA08 /* ViewController3.swift */; };
		64D3FF1E2A51699B00D21601 /* AppDelegate.swift in Sources */ = {isa = PBXBuildFile; fileRef = 64D3FF1D2A51699B00D21601 /* AppDelegate.swift */; };
		64D3FF202A51699B00D21601 /* SceneDelegate.swift in Sources */ = {isa = PBXBuildFile; fileRef = 64D3FF1F2A51699B00D21601 /* SceneDelegate.swift */; };
		64D3FF222A51699B00D21601 /* ViewController.swift in Sources */ = {isa = PBXBuildFile; fileRef = 64D3FF212A51699B00D21601 /* ViewController.swift */; };
		64D3FF252A51699B00D21601 /* Main.storyboard in Resources */ = {isa = PBXBuildFile; fileRef = 64D3FF232A51699B00D21601 /* Main.storyboard */; };
		64D3FF272A51699C00D21601 /* Assets.xcassets in Resources */ = {isa = PBXBuildFile; fileRef = 64D3FF262A51699C00D21601 /* Assets.xcassets */; };
		64D3FF2A2A51699C00D21601 /* LaunchScreen.storyboard in Resources */ = {isa = PBXBuildFile; fileRef = 64D3FF282A51699C00D21601 /* LaunchScreen.storyboard */; };
		64D825E22A536F1B00B9AF93 /* StyleLabel.swift in Sources */ = {isa = PBXBuildFile; fileRef = 64D825E12A536F1B00B9AF93 /* StyleLabel.swift */; };
		64D825E42A537E5000B9AF93 /* StyleTextField.swift in Sources */ = {isa = PBXBuildFile; fileRef = 64D825E32A537E5000B9AF93 /* StyleTextField.swift */; };
		64D825E62A53835F00B9AF93 /* StyleTitle.swift in Sources */ = {isa = PBXBuildFile; fileRef = 64D825E52A53835F00B9AF93 /* StyleTitle.swift */; };
		64D825E82A5386A400B9AF93 /* StyleButtom.swift in Sources */ = {isa = PBXBuildFile; fileRef = 64D825E72A5386A400B9AF93 /* StyleButtom.swift */; };
/* End PBXBuildFile section */

/* Begin PBXFileReference section */
		6432F88D2A7145BC00B638D9 /* ViewController2.swift */ = {isa = PBXFileReference; lastKnownFileType = sourcecode.swift; path = ViewController2.swift; sourceTree = "<group>"; };
		64A791672A727A890032CA08 /* ViewController3.swift */ = {isa = PBXFileReference; lastKnownFileType = sourcecode.swift; path = ViewController3.swift; sourceTree = "<group>"; };
		64D3FF1A2A51699B00D21601 /* DZ Switch.app */ = {isa = PBXFileReference; explicitFileType = wrapper.application; includeInIndex = 0; path = "DZ Switch.app"; sourceTree = BUILT_PRODUCTS_DIR; };
		64D3FF1D2A51699B00D21601 /* AppDelegate.swift */ = {isa = PBXFileReference; lastKnownFileType = sourcecode.swift; path = AppDelegate.swift; sourceTree = "<group>"; };
		64D3FF1F2A51699B00D21601 /* SceneDelegate.swift */ = {isa = PBXFileReference; lastKnownFileType = sourcecode.swift; path = SceneDelegate.swift; sourceTree = "<group>"; };
		64D3FF212A51699B00D21601 /* ViewController.swift */ = {isa = PBXFileReference; lastKnownFileType = sourcecode.swift; path = ViewController.swift; sourceTree = "<group>"; };
		64D3FF242A51699B00D21601 /* Base */ = {isa = PBXFileReference; lastKnownFileType = file.storyboard; name = Base; path = Base.lproj/Main.storyboard; sourceTree = "<group>"; };
		64D3FF262A51699C00D21601 /* Assets.xcassets */ = {isa = PBXFileReference; lastKnownFileType = folder.assetcatalog; path = Assets.xcassets; sourceTree = "<group>"; };
		64D3FF292A51699C00D21601 /* Base */ = {isa = PBXFileReference; lastKnownFileType = file.storyboard; name = Base; path = Base.lproj/LaunchScreen.storyboard; sourceTree = "<group>"; };
		64D3FF2B2A51699C00D21601 /* Info.plist */ = {isa = PBXFileReference; lastKnownFileType = text.plist.xml; path = Info.plist; sourceTree = "<group>"; };
		64D825E12A536F1B00B9AF93 /* StyleLabel.swift */ = {isa = PBXFileReference; lastKnownFileType = sourcecode.swift; path = StyleLabel.swift; sourceTree = "<group>"; };
		64D825E32A537E5000B9AF93 /* StyleTextField.swift */ = {isa = PBXFileReference; lastKnownFileType = sourcecode.swift; path = StyleTextField.swift; sourceTree = "<group>"; };
		64D825E52A53835F00B9AF93 /* StyleTitle.swift */ = {isa = PBXFileReference; lastKnownFileType = sourcecode.swift; path = StyleTitle.swift; sourceTree = "<group>"; };
		64D825E72A5386A400B9AF93 /* StyleButtom.swift */ = {isa = PBXFileReference; lastKnownFileType = sourcecode.swift; path = StyleButtom.swift; sourceTree = "<group>"; };
/* End PBXFileReference section */

/* Begin PBXFrameworksBuildPhase section */
		64D3FF172A51699B00D21601 /* Frameworks */ = {
			isa = PBXFrameworksBuildPhase;
			buildActionMask = 2147483647;
			files = (
			);
			runOnlyForDeploymentPostprocessing = 0;
		};
/* End PBXFrameworksBuildPhase section */

/* Begin PBXGroup section */
		64D073682A653AFF00C57E0B /* Styles */ = {
			isa = PBXGroup;
			children = (
				64D825E52A53835F00B9AF93 /* StyleTitle.swift */,
				64D825E12A536F1B00B9AF93 /* StyleLabel.swift */,
				64D825E32A537E5000B9AF93 /* StyleTextField.swift */,
				64D825E72A5386A400B9AF93 /* StyleButtom.swift */,
			);
			path = Styles;
			sourceTree = "<group>";
		};
		64D073692A653B1A00C57E0B /* View */ = {
			isa = PBXGroup;
			children = (
				64D3FF212A51699B00D21601 /* ViewController.swift */,
				6432F88D2A7145BC00B638D9 /* ViewController2.swift */,
				64A791672A727A890032CA08 /* ViewController3.swift */,
			);
			path = View;
			sourceTree = "<group>";
		};
		64D3FF112A51699B00D21601 = {
			isa = PBXGroup;
			children = (
				64D3FF1C2A51699B00D21601 /* DZ Switch */,
				64D3FF1B2A51699B00D21601 /* Products */,
			);
			sourceTree = "<group>";
		};
		64D3FF1B2A51699B00D21601 /* Products */ = {
			isa = PBXGroup;
			children = (
				64D3FF1A2A51699B00D21601 /* DZ Switch.app */,
			);
			name = Products;
			sourceTree = "<group>";
		};
		64D3FF1C2A51699B00D21601 /* DZ Switch */ = {
			isa = PBXGroup;
			children = (
				64D3FF1D2A51699B00D21601 /* AppDelegate.swift */,
				64D3FF1F2A51699B00D21601 /* SceneDelegate.swift */,
				64D073692A653B1A00C57E0B /* View */,
				64D073682A653AFF00C57E0B /* Styles */,
				64D3FF232A51699B00D21601 /* Main.storyboard */,
				64D3FF262A51699C00D21601 /* Assets.xcassets */,
				64D3FF282A51699C00D21601 /* LaunchScreen.storyboard */,
				64D3FF2B2A51699C00D21601 /* Info.plist */,
			);
			path = "DZ Switch";
			sourceTree = "<group>";
		};
/* End PBXGroup section */

/* Begin PBXNativeTarget section */
		64D3FF192A51699B00D21601 /* DZ Switch */ = {
			isa = PBXNativeTarget;
			buildConfigurationList = 64D3FF2E2A51699C00D21601 /* Build configuration list for PBXNativeTarget "DZ Switch" */;
			buildPhases = (
				64D3FF162A51699B00D21601 /* Sources */,
				64D3FF172A51699B00D21601 /* Frameworks */,
				64D3FF182A51699B00D21601 /* Resources */,
			);
			buildRules = (
			);
			dependencies = (
			);
			name = "DZ Switch";
			productName = "DZ Switch";
			productReference = 64D3FF1A2A51699B00D21601 /* DZ Switch.app */;
			productType = "com.apple.product-type.application";
		};
/* End PBXNativeTarget section */

/* Begin PBXProject section */
		64D3FF122A51699B00D21601 /* Project object */ = {
			isa = PBXProject;
			attributes = {
				BuildIndependentTargetsInParallel = 1;
				LastSwiftUpdateCheck = 1430;
				LastUpgradeCheck = 1430;
				TargetAttributes = {
					64D3FF192A51699B00D21601 = {
						CreatedOnToolsVersion = 14.3;
					};
				};
			};
			buildConfigurationList = 64D3FF152A51699B00D21601 /* Build configuration list for PBXProject "DZ Switch" */;
			compatibilityVersion = "Xcode 14.0";
			developmentRegion = en;
			hasScannedForEncodings = 0;
			knownRegions = (
				en,
				Base,
			);
			mainGroup = 64D3FF112A51699B00D21601;
			productRefGroup = 64D3FF1B2A51699B00D21601 /* Products */;
			projectDirPath = "";
			projectRoot = "";
			targets = (
				64D3FF192A51699B00D21601 /* DZ Switch */,
			);
		};
/* End PBXProject section */

/* Begin PBXResourcesBuildPhase section */
		64D3FF182A51699B00D21601 /* Resources */ = {
			isa = PBXResourcesBuildPhase;
			buildActionMask = 2147483647;
			files = (
				64D3FF2A2A51699C00D21601 /* LaunchScreen.storyboard in Resources */,
				64D3FF272A51699C00D21601 /* Assets.xcassets in Resources */,
				64D3FF252A51699B00D21601 /* Main.storyboard in Resources */,
			);
			runOnlyForDeploymentPostprocessing = 0;
		};
/* End PBXResourcesBuildPhase section */

/* Begin PBXSourcesBuildPhase section */
		64D3FF162A51699B00D21601 /* Sources */ = {
			isa = PBXSourcesBuildPhase;
			buildActionMask = 2147483647;
			files = (
				64D825E22A536F1B00B9AF93 /* StyleLabel.swift in Sources */,
				6432F88E2A7145BC00B638D9 /* ViewController2.swift in Sources */,
				64A791682A727A890032CA08 /* ViewController3.swift in Sources */,
				64D3FF222A51699B00D21601 /* ViewController.swift in Sources */,
				64D825E62A53835F00B9AF93 /* StyleTitle.swift in Sources */,
				64D825E42A537E5000B9AF93 /* StyleTextField.swift in Sources */,
				64D3FF1E2A51699B00D21601 /* AppDelegate.swift in Sources */,
				64D3FF202A51699B00D21601 /* SceneDelegate.swift in Sources */,
				64D825E82A5386A400B9AF93 /* StyleButtom.swift in Sources */,
			);
			runOnlyForDeploymentPostprocessing = 0;
		};
/* End PBXSourcesBuildPhase section */

/* Begin PBXVariantGroup section */
		64D3FF232A51699B00D21601 /* Main.storyboard */ = {
			isa = PBXVariantGroup;
			children = (
				64D3FF242A51699B00D21601 /* Base */,
			);
			name = Main.storyboard;
			sourceTree = "<group>";
		};
		64D3FF282A51699C00D21601 /* LaunchScreen.storyboard */ = {
			isa = PBXVariantGroup;
			children = (
				64D3FF292A51699C00D21601 /* Base */,
			);
			name = LaunchScreen.storyboard;
			sourceTree = "<group>";
		};
/* End PBXVariantGroup section */

/* Begin XCBuildConfiguration section */
		64D3FF2C2A51699C00D21601 /* Debug */ = {
			isa = XCBuildConfiguration;
			buildSettings = {
				ALWAYS_SEARCH_USER_PATHS = NO;
				CLANG_ANALYZER_NONNULL = YES;
				CLANG_ANALYZER_NUMBER_OBJECT_CONVERSION = YES_AGGRESSIVE;
				CLANG_CXX_LANGUAGE_STANDARD = "gnu++20";
				CLANG_ENABLE_MODULES = YES;
				CLANG_ENABLE_OBJC_ARC = YES;
				CLANG_ENABLE_OBJC_WEAK = YES;
				CLANG_WARN_BLOCK_CAPTURE_AUTORELEASING = YES;
				CLANG_WARN_BOOL_CONVERSION = YES;
				CLANG_WARN_COMMA = YES;
				CLANG_WARN_CONSTANT_CONVERSION = YES;
				CLANG_WARN_DEPRECATED_OBJC_IMPLEMENTATIONS = YES;
				CLANG_WARN_DIRECT_OBJC_ISA_USAGE = YES_ERROR;
				CLANG_WARN_DOCUMENTATION_COMMENTS = YES;
				CLANG_WARN_EMPTY_BODY = YES;
				CLANG_WARN_ENUM_CONVERSION = YES;
				CLANG_WARN_INFINITE_RECURSION = YES;
				CLANG_WARN_INT_CONVERSION = YES;
				CLANG_WARN_NON_LITERAL_NULL_CONVERSION = YES;
				CLANG_WARN_OBJC_IMPLICIT_RETAIN_SELF = YES;
				CLANG_WARN_OBJC_LITERAL_CONVERSION = YES;
				CLANG_WARN_OBJC_ROOT_CLASS = YES_ERROR;
				CLANG_WARN_QUOTED_INCLUDE_IN_FRAMEWORK_HEADER = YES;
				CLANG_WARN_RANGE_LOOP_ANALYSIS = YES;
				CLANG_WARN_STRICT_PROTOTYPES = YES;
				CLANG_WARN_SUSPICIOUS_MOVE = YES;
				CLANG_WARN_UNGUARDED_AVAILABILITY = YES_AGGRESSIVE;
				CLANG_WARN_UNREACHABLE_CODE = YES;
				CLANG_WARN__DUPLICATE_METHOD_MATCH = YES;
				COPY_PHASE_STRIP = NO;
				DEBUG_INFORMATION_FORMAT = dwarf;
				ENABLE_STRICT_OBJC_MSGSEND = YES;
				ENABLE_TESTABILITY = YES;
				GCC_C_LANGUAGE_STANDARD = gnu11;
				GCC_DYNAMIC_NO_PIC = NO;
				GCC_NO_COMMON_BLOCKS = YES;
				GCC_OPTIMIZATION_LEVEL = 0;
				GCC_PREPROCESSOR_DEFINITIONS = (
					"DEBUG=1",
					"$(inherited)",
				);
				GCC_WARN_64_TO_32_BIT_CONVERSION = YES;
				GCC_WARN_ABOUT_RETURN_TYPE = YES_ERROR;
				GCC_WARN_UNDECLARED_SELECTOR = YES;
				GCC_WARN_UNINITIALIZED_AUTOS = YES_AGGRESSIVE;
				GCC_WARN_UNUSED_FUNCTION = YES;
				GCC_WARN_UNUSED_VARIABLE = YES;
				IPHONEOS_DEPLOYMENT_TARGET = 16.4;
				MTL_ENABLE_DEBUG_INFO = INCLUDE_SOURCE;
				MTL_FAST_MATH = YES;
				ONLY_ACTIVE_ARCH = YES;
				SDKROOT = iphoneos;
				SWIFT_ACTIVE_COMPILATION_CONDITIONS = DEBUG;
				SWIFT_OPTIMIZATION_LEVEL = "-Onone";
			};
			name = Debug;
		};
		64D3FF2D2A51699C00D21601 /* Release */ = {
			isa = XCBuildConfiguration;
			buildSettings = {
				ALWAYS_SEARCH_USER_PATHS = NO;
				CLANG_ANALYZER_NONNULL = YES;
				CLANG_ANALYZER_NUMBER_OBJECT_CONVERSION = YES_AGGRESSIVE;
				CLANG_CXX_LANGUAGE_STANDARD = "gnu++20";
				CLANG_ENABLE_MODULES = YES;
				CLANG_ENABLE_OBJC_ARC = YES;
				CLANG_ENABLE_OBJC_WEAK = YES;
				CLANG_WARN_BLOCK_CAPTURE_AUTORELEASING = YES;
				CLANG_WARN_BOOL_CONVERSION = YES;
				CLANG_WARN_COMMA = YES;
				CLANG_WARN_CONSTANT_CONVERSION = YES;
				CLANG_WARN_DEPRECATED_OBJC_IMPLEMENTATIONS = YES;
				CLANG_WARN_DIRECT_OBJC_ISA_USAGE = YES_ERROR;
				CLANG_WARN_DOCUMENTATION_COMMENTS = YES;
				CLANG_WARN_EMPTY_BODY = YES;
				CLANG_WARN_ENUM_CONVERSION = YES;
				CLANG_WARN_INFINITE_RECURSION = YES;
				CLANG_WARN_INT_CONVERSION = YES;
				CLANG_WARN_NON_LITERAL_NULL_CONVERSION = YES;
				CLANG_WARN_OBJC_IMPLICIT_RETAIN_SELF = YES;
				CLANG_WARN_OBJC_LITERAL_CONVERSION = YES;
				CLANG_WARN_OBJC_ROOT_CLASS = YES_ERROR;
				CLANG_WARN_QUOTED_INCLUDE_IN_FRAMEWORK_HEADER = YES;
				CLANG_WARN_RANGE_LOOP_ANALYSIS = YES;
				CLANG_WARN_STRICT_PROTOTYPES = YES;
				CLANG_WARN_SUSPICIOUS_MOVE = YES;
				CLANG_WARN_UNGUARDED_AVAILABILITY = YES_AGGRESSIVE;
				CLANG_WARN_UNREACHABLE_CODE = YES;
				CLANG_WARN__DUPLICATE_METHOD_MATCH = YES;
				COPY_PHASE_STRIP = NO;
				DEBUG_INFORMATION_FORMAT = "dwarf-with-dsym";
				ENABLE_NS_ASSERTIONS = NO;
				ENABLE_STRICT_OBJC_MSGSEND = YES;
				GCC_C_LANGUAGE_STANDARD = gnu11;
				GCC_NO_COMMON_BLOCKS = YES;
				GCC_WARN_64_TO_32_BIT_CONVERSION = YES;
				GCC_WARN_ABOUT_RETURN_TYPE = YES_ERROR;
				GCC_WARN_UNDECLARED_SELECTOR = YES;
				GCC_WARN_UNINITIALIZED_AUTOS = YES_AGGRESSIVE;
				GCC_WARN_UNUSED_FUNCTION = YES;
				GCC_WARN_UNUSED_VARIABLE = YES;
				IPHONEOS_DEPLOYMENT_TARGET = 16.4;
				MTL_ENABLE_DEBUG_INFO = NO;
				MTL_FAST_MATH = YES;
				SDKROOT = iphoneos;
				SWIFT_COMPILATION_MODE = wholemodule;
				SWIFT_OPTIMIZATION_LEVEL = "-O";
				VALIDATE_PRODUCT = YES;
			};
			name = Release;
		};
		64D3FF2F2A51699C00D21601 /* Debug */ = {
			isa = XCBuildConfiguration;
			buildSettings = {
				ASSETCATALOG_COMPILER_APPICON_NAME = AppIcon;
				ASSETCATALOG_COMPILER_GLOBAL_ACCENT_COLOR_NAME = AccentColor;
				CODE_SIGN_STYLE = Automatic;
				CURRENT_PROJECT_VERSION = 1;
				GENERATE_INFOPLIST_FILE = YES;
				INFOPLIST_FILE = "DZ Switch/Info.plist";
				INFOPLIST_KEY_UIApplicationSupportsIndirectInputEvents = YES;
				INFOPLIST_KEY_UILaunchStoryboardName = LaunchScreen;
				INFOPLIST_KEY_UIMainStoryboardFile = Main;
				INFOPLIST_KEY_UISupportedInterfaceOrientations_iPad = "UIInterfaceOrientationPortrait UIInterfaceOrientationPortraitUpsideDown UIInterfaceOrientationLandscapeLeft UIInterfaceOrientationLandscapeRight";
				INFOPLIST_KEY_UISupportedInterfaceOrientations_iPhone = "UIInterfaceOrientationPortrait UIInterfaceOrientationLandscapeLeft UIInterfaceOrientationLandscapeRight";
				LD_RUNPATH_SEARCH_PATHS = (
					"$(inherited)",
					"@executable_path/Frameworks",
				);
				MARKETING_VERSION = 1.0;
				PRODUCT_BUNDLE_IDENTIFIER = "Swift.DZ-Switch";
				PRODUCT_NAME = "$(TARGET_NAME)";
				SWIFT_EMIT_LOC_STRINGS = YES;
				SWIFT_VERSION = 5.0;
				TARGETED_DEVICE_FAMILY = "1,2";
			};
			name = Debug;
		};
		64D3FF302A51699C00D21601 /* Release */ = {
			isa = XCBuildConfiguration;
			buildSettings = {
				ASSETCATALOG_COMPILER_APPICON_NAME = AppIcon;
				ASSETCATALOG_COMPILER_GLOBAL_ACCENT_COLOR_NAME = AccentColor;
				CODE_SIGN_STYLE = Automatic;
				CURRENT_PROJECT_VERSION = 1;
				GENERATE_INFOPLIST_FILE = YES;
				INFOPLIST_FILE = "DZ Switch/Info.plist";
				INFOPLIST_KEY_UIApplicationSupportsIndirectInputEvents = YES;
				INFOPLIST_KEY_UILaunchStoryboardName = LaunchScreen;
				INFOPLIST_KEY_UIMainStoryboardFile = Main;
				INFOPLIST_KEY_UISupportedInterfaceOrientations_iPad = "UIInterfaceOrientationPortrait UIInterfaceOrientationPortraitUpsideDown UIInterfaceOrientationLandscapeLeft UIInterfaceOrientationLandscapeRight";
				INFOPLIST_KEY_UISupportedInterfaceOrientations_iPhone = "UIInterfaceOrientationPortrait UIInterfaceOrientationLandscapeLeft UIInterfaceOrientationLandscapeRight";
				LD_RUNPATH_SEARCH_PATHS = (
					"$(inherited)",
					"@executable_path/Frameworks",
				);
				MARKETING_VERSION = 1.0;
				PRODUCT_BUNDLE_IDENTIFIER = "Swift.DZ-Switch";
				PRODUCT_NAME = "$(TARGET_NAME)";
				SWIFT_EMIT_LOC_STRINGS = YES;
				SWIFT_VERSION = 5.0;
				TARGETED_DEVICE_FAMILY = "1,2";
			};
			name = Release;
		};
/* End XCBuildConfiguration section */

/* Begin XCConfigurationList section */
		64D3FF152A51699B00D21601 /* Build configuration list for PBXProject "DZ Switch" */ = {
			isa = XCConfigurationList;
			buildConfigurations = (
				64D3FF2C2A51699C00D21601 /* Debug */,
				64D3FF2D2A51699C00D21601 /* Release */,
			);
			defaultConfigurationIsVisible = 0;
			defaultConfigurationName = Release;
		};
		64D3FF2E2A51699C00D21601 /* Build configuration list for PBXNativeTarget "DZ Switch" */ = {
			isa = XCConfigurationList;
			buildConfigurations = (
				64D3FF2F2A51699C00D21601 /* Debug */,
				64D3FF302A51699C00D21601 /* Release */,
			);
			defaultConfigurationIsVisible = 0;
			defaultConfigurationName = Release;
		};
/* End XCConfigurationList section */
	};
	rootObject = 64D3FF122A51699B00D21601 /* Project object */;
}
